
Microsoft Visual Studio Solution File, Format Version 12.00
# Visual Studio Version 16
VisualStudioVersion = 16.0.29613.14
MinimumVisualStudioVersion = 10.0.40219.1
Project("{FAE04EC0-301F-11D3-BF4B-00C04F79EFBC}") = "eimdbapi", "eimdbapi.csproj", "{E92E899E-F572-4F5A-AE14-D4AEBCE0A3A0}"
EndProject
Global
	GlobalSection(SolutionConfigurationPlatforms) = preSolution
		Debug|Any CPU = Debug|Any CPU
		Release|Any CPU = Release|Any CPU
	EndGlobalSection
	GlobalSection(ProjectConfigurationPlatforms) = postSolution
		{E92E899E-F572-4F5A-AE14-D4AEBCE0A3A0}.Debug|Any CPU.ActiveCfg = Debug|Any CPU
		{E92E899E-F572-4F5A-AE14-D4AEBCE0A3A0}.Debug|Any CPU.Build.0 = Debug|Any CPU
		{E92E899E-F572-4F5A-AE14-D4AEBCE0A3A0}.Release|Any CPU.ActiveCfg = Release|Any CPU
		{E92E899E-F572-4F5A-AE14-D4AEBCE0A3A0}.Release|Any CPU.Build.0 = Release|Any CPU
	EndGlobalSection
	GlobalSection(SolutionProperties) = preSolution
		HideSolutionNode = FALSE
	EndGlobalSection
	GlobalSection(ExtensibilityGlobals) = postSolution
		SolutionGuid = {E2B05575-33C1-4E12-990D-9C5D0B91960B}
	EndGlobalSection
EndGlobal
